{"version":4,"terraform_version":"1.9.0","serial":5,"lineage":"49234f74-1180-f121-c555-dd35d248348e","outputs":{},"resources":[{"mode":"managed","type":"openstack_compute_flavor_v2","name":"flavors","provider":"provider[\"registry.opentofu.org/terraform-provider-openstack/openstack\"]","instances":[{"index_key":"test.medium","schema_version":0,"attributes":{"description":"","disk":40,"ephemeral":0,"extra_specs":{},"flavor_id":"3189bad0-ed24-42aa-ad62-b6b61f027207","id":"3189bad0-ed24-42aa-ad62-b6b61f027207","is_public":false,"name":"test.medium","ram":2,"region":"RegionOne","rx_tx_factor":1,"swap":0,"vcpus":4},"sensitive_attributes":[],"private":"bnVsbA=="},{"index_key":"test.tiny","schema_version":0,"attributes":{"description":"","disk":1,"ephemeral":0,"extra_specs":{},"flavor_id":"69a5d632-515e-408e-9290-7ce0703254d7","id":"69a5d632-515e-408e-9290-7ce0703254d7","is_public":false,"name":"test.tiny","ram":512,"region":"RegionOne","rx_tx_factor":1,"swap":0,"vcpus":1},"sensitive_attributes":[],"private":"bnVsbA=="}]},{"mode":"managed","type":"openstack_compute_keypair_v2","name":"test-keypair","provider":"provider[\"registry.opentofu.org/terraform-provider-openstack/openstack\"]","instances":[{"schema_version":0,"attributes":{"fingerprint":"b9:d6:bf:19:12:31:22:fd:58:ee:82:7e:50:c1:1d:fe","id":"test-keypair","name":"test-keypair","private_key":"","public_key":"ssh-ed25519 AAAAC3NzaC1lZDI1NTE5AAAAIEAF/euleytTw12u69L0Pfjy9CcEGSFceERPlWmQKOS0","region":"RegionOne","user_id":"","value_specs":null},"sensitive_attributes":[[{"type":"get_attr","value":"private_key"}]],"private":"bnVsbA=="}]},{"mode":"managed","type":"openstack_images_image_v2","name":"images","provider":"provider[\"registry.opentofu.org/terraform-provider-openstack/openstack\"]","instances":[{"index_key":"Rocky-9","schema_version":0,"attributes":{"checksum":"880eccf788301bb9f34669faebe09276","container_format":"bare","created_at":"2025-01-21T19:51:16Z","decompress":null,"disk_format":"qcow2","file":"/v2/images/367b4a71-b17b-402c-b26f-1aae0f75fb9e/file","hidden":false,"id":"367b4a71-b17b-402c-b26f-1aae0f75fb9e","image_cache_path":"/root/.terraform/image_cache","image_id":"367b4a71-b17b-402c-b26f-1aae0f75fb9e","image_source_password":null,"image_source_url":"https://dl.rockylinux.org/pub/rocky/9/images/x86_64/Rocky-9-GenericCloud-Base.latest.x86_64.qcow2","image_source_username":null,"local_file_path":null,"metadata":{},"min_disk_gb":0,"min_ram_mb":0,"name":"Rocky-9","owner":"4d0317d1662241ff949dde99ac639976","properties":{"os_hash_algo":"sha512","os_hash_value":"51d2bb78198f12e6577fa4a3ff76d03cc2bd134f7f1024b74166f756eed2d03584d3084d0759bb5c7d53ddae6735b4699cb0aa119cde4dae66f03a31fa3f2374","stores":"file"},"protected":false,"region":"RegionOne","schema":"/v2/schemas/image","size_bytes":609812480,"status":"active","tags":[],"timeouts":null,"update_at":"2025-01-21T19:53:35Z","updated_at":"2025-01-21T19:53:35Z","verify_checksum":null,"visibility":"public","web_download":null},"sensitive_attributes":[[{"type":"get_attr","value":"image_source_password"}]],"private":"eyJlMmJmYjczMC1lY2FhLTExZTYtOGY4OC0zNDM2M2JjN2M0YzAiOnsiY3JlYXRlIjoxODAwMDAwMDAwMDAwfX0="},{"index_key":"Ubuntu-Jammy","schema_version":0,"attributes":{"checksum":"23b9243388f0d95b4eccfeb77dbb1516","container_format":"bare","created_at":"2025-01-21T19:51:16Z","decompress":null,"disk_format":"qcow2","file":"/v2/images/71a2a1b4-1148-4eee-ba5e-ee89d6cf3a26/file","hidden":false,"id":"71a2a1b4-1148-4eee-ba5e-ee89d6cf3a26","image_cache_path":"/root/.terraform/image_cache","image_id":"71a2a1b4-1148-4eee-ba5e-ee89d6cf3a26","image_source_password":null,"image_source_url":"https://cloud-images.ubuntu.com/jammy/current/jammy-server-cloudimg-amd64.img","image_source_username":null,"local_file_path":null,"metadata":{},"min_disk_gb":0,"min_ram_mb":0,"name":"Ubuntu-Jammy","owner":"4d0317d1662241ff949dde99ac639976","properties":{"os_hash_algo":"sha512","os_hash_value":"afb42d1e8e1427ef0321d9d7b11943817a7f6411b3889d905c102245558feaa1a937fb0ebcceb118eb83c31ac177213912c101ab36b593ba3f0f95660b0f264e","stores":"file"},"protected":false,"region":"RegionOne","schema":"/v2/schemas/image","size_bytes":666397696,"status":"active","tags":[],"timeouts":null,"update_at":"2025-01-21T19:51:32Z","updated_at":"2025-01-21T19:51:32Z","verify_checksum":null,"visibility":"public","web_download":null},"sensitive_attributes":[[{"type":"get_attr","value":"image_source_password"}]],"private":"eyJlMmJmYjczMC1lY2FhLTExZTYtOGY4OC0zNDM2M2JjN2M0YzAiOnsiY3JlYXRlIjoxODAwMDAwMDAwMDAwfX0="}]},{"mode":"managed","type":"openstack_networking_network_v2","name":"networks","provider":"provider[\"registry.opentofu.org/terraform-provider-openstack/openstack\"]","instances":[{"index_key":"external-net","schema_version":0,"attributes":{"admin_state_up":true,"all_tags":[],"availability_zone_hints":[],"description":"","dns_domain":"","external":true,"id":"860c77db-79fa-466a-b472-3d0bdb05cfd6","mtu":1500,"name":"external-net","port_security_enabled":true,"qos_policy_id":"","region":"RegionOne","segments":[{"network_type":"flat","physical_network":"physnet1","segmentation_id":0}],"shared":false,"tags":[],"tenant_id":"4d0317d1662241ff949dde99ac639976","timeouts":null,"transparent_vlan":false,"value_specs":null},"sensitive_attributes":[],"private":"eyJlMmJmYjczMC1lY2FhLTExZTYtOGY4OC0zNDM2M2JjN2M0YzAiOnsiY3JlYXRlIjo2MDAwMDAwMDAwMDAsImRlbGV0ZSI6NjAwMDAwMDAwMDAwfX0="},{"index_key":"internal-net","schema_version":0,"attributes":{"admin_state_up":true,"all_tags":[],"availability_zone_hints":[],"description":"","dns_domain":"","external":false,"id":"259150e0-e85e-4ddd-81db-97838b394898","mtu":1442,"name":"internal-net","port_security_enabled":true,"qos_policy_id":"","region":"RegionOne","segments":[{"network_type":"geneve","physical_network":"","segmentation_id":1650}],"shared":false,"tags":[],"tenant_id":"4d0317d1662241ff949dde99ac639976","timeouts":null,"transparent_vlan":false,"value_specs":null},"sensitive_attributes":[],"private":"eyJlMmJmYjczMC1lY2FhLTExZTYtOGY4OC0zNDM2M2JjN2M0YzAiOnsiY3JlYXRlIjo2MDAwMDAwMDAwMDAsImRlbGV0ZSI6NjAwMDAwMDAwMDAwfX0="}]},{"mode":"managed","type":"openstack_networking_router_interface_v2","name":"router_internal_interface","provider":"provider[\"registry.opentofu.org/terraform-provider-openstack/openstack\"]","instances":[{"schema_version":0,"attributes":{"force_destroy":false,"id":"dc0ddaea-9ff5-404e-9872-ee422b5d3e07","port_id":"dc0ddaea-9ff5-404e-9872-ee422b5d3e07","region":"RegionOne","router_id":"32166cf8-2424-4393-bc73-7a055b7f3cb6","subnet_id":"e9d3507d-f5b9-4647-959b-760379cd9487","timeouts":null},"sensitive_attributes":[],"private":"eyJlMmJmYjczMC1lY2FhLTExZTYtOGY4OC0zNDM2M2JjN2M0YzAiOnsiY3JlYXRlIjo2MDAwMDAwMDAwMDAsImRlbGV0ZSI6NjAwMDAwMDAwMDAwfX0=","dependencies":["openstack_networking_network_v2.networks","openstack_networking_router_v2.external_router","openstack_networking_subnet_v2.subnets"]}]},{"mode":"managed","type":"openstack_networking_router_v2","name":"external_router","provider":"provider[\"registry.opentofu.org/terraform-provider-openstack/openstack\"]","instances":[{"schema_version":0,"attributes":{"admin_state_up":true,"all_tags":[],"availability_zone_hints":[],"description":"","distributed":false,"enable_snat":true,"external_fixed_ip":[{"ip_address":"192.168.33.47","subnet_id":"427371b5-b0d9-43e5-af0b-394c89e5af0c"}],"external_gateway":"860c77db-79fa-466a-b472-3d0bdb05cfd6","external_network_id":"860c77db-79fa-466a-b472-3d0bdb05cfd6","external_subnet_ids":null,"id":"32166cf8-2424-4393-bc73-7a055b7f3cb6","name":"ext_router","region":"RegionOne","tags":[],"tenant_id":"4d0317d1662241ff949dde99ac639976","timeouts":null,"value_specs":null,"vendor_options":[]},"sensitive_attributes":[],"private":"eyJlMmJmYjczMC1lY2FhLTExZTYtOGY4OC0zNDM2M2JjN2M0YzAiOnsiY3JlYXRlIjo2MDAwMDAwMDAwMDAsImRlbGV0ZSI6NjAwMDAwMDAwMDAwfX0=","dependencies":["openstack_networking_network_v2.networks"]}]},{"mode":"managed","type":"openstack_networking_secgroup_rule_v2","name":"my_rules","provider":"provider[\"registry.opentofu.org/terraform-provider-openstack/openstack\"]","instances":[{"index_key":"icmp-ingress_rule","schema_version":0,"attributes":{"description":"","direction":"ingress","ethertype":"IPv4","id":"728acc7c-2d88-4d25-ae75-9831f23f95cc","port_range_max":0,"port_range_min":0,"protocol":"icmp","region":"RegionOne","remote_group_id":"","remote_ip_prefix":"0.0.0.0/0","security_group_id":"2a55e309-f630-4939-93ec-d513cc0cfe59","tenant_id":"4d0317d1662241ff949dde99ac639976","timeouts":null},"sensitive_attributes":[],"private":"eyJlMmJmYjczMC1lY2FhLTExZTYtOGY4OC0zNDM2M2JjN2M0YzAiOnsiZGVsZXRlIjo2MDAwMDAwMDAwMDB9fQ==","dependencies":["openstack_networking_secgroup_v2.my_secgroup"]},{"index_key":"ssh-ingress_rule","schema_version":0,"attributes":{"description":"","direction":"ingress","ethertype":"IPv4","id":"1625421f-1985-407b-8575-1c7acf2ac04b","port_range_max":22,"port_range_min":22,"protocol":"tcp","region":"RegionOne","remote_group_id":"","remote_ip_prefix":"0.0.0.0/0","security_group_id":"2a55e309-f630-4939-93ec-d513cc0cfe59","tenant_id":"4d0317d1662241ff949dde99ac639976","timeouts":null},"sensitive_attributes":[],"private":"eyJlMmJmYjczMC1lY2FhLTExZTYtOGY4OC0zNDM2M2JjN2M0YzAiOnsiZGVsZXRlIjo2MDAwMDAwMDAwMDB9fQ==","dependencies":["openstack_networking_secgroup_v2.my_secgroup"]}]},{"mode":"managed","type":"openstack_networking_secgroup_v2","name":"my_secgroup","provider":"provider[\"registry.opentofu.org/terraform-provider-openstack/openstack\"]","instances":[{"index_key":"ingress_rule","schema_version":0,"attributes":{"all_tags":[],"delete_default_rules":null,"description":"Enabled ingress SSH and ICMP","id":"2a55e309-f630-4939-93ec-d513cc0cfe59","name":"ingress_rule","region":"RegionOne","tags":[],"tenant_id":"4d0317d1662241ff949dde99ac639976","timeouts":null},"sensitive_attributes":[],"private":"eyJlMmJmYjczMC1lY2FhLTExZTYtOGY4OC0zNDM2M2JjN2M0YzAiOnsiZGVsZXRlIjo2MDAwMDAwMDAwMDB9fQ=="}]},{"mode":"managed","type":"openstack_networking_subnet_v2","name":"subnets","provider":"provider[\"registry.opentofu.org/terraform-provider-openstack/openstack\"]","instances":[{"index_key":"external-subnet","schema_version":0,"attributes":{"all_tags":[],"allocation_pool":[{"end":"192.168.33.100","start":"192.168.33.10"}],"allocation_pools":[{"end":"192.168.33.100","start":"192.168.33.10"}],"cidr":"192.168.33.0/24","description":"","dns_nameservers":["8.8.8.8","8.8.4.4","1.1.1.1"],"enable_dhcp":true,"gateway_ip":"192.168.33.3","host_routes":[],"id":"427371b5-b0d9-43e5-af0b-394c89e5af0c","ip_version":4,"ipv6_address_mode":"","ipv6_ra_mode":"","name":"external-subnet","network_id":"860c77db-79fa-466a-b472-3d0bdb05cfd6","no_gateway":false,"prefix_length":null,"region":"RegionOne","service_types":[],"subnetpool_id":"","tags":[],"tenant_id":"4d0317d1662241ff949dde99ac639976","timeouts":null,"value_specs":null},"sensitive_attributes":[],"private":"eyJlMmJmYjczMC1lY2FhLTExZTYtOGY4OC0zNDM2M2JjN2M0YzAiOnsiY3JlYXRlIjo2MDAwMDAwMDAwMDAsImRlbGV0ZSI6NjAwMDAwMDAwMDAwfX0=","dependencies":["openstack_networking_network_v2.networks"]},{"index_key":"internal-subnet","schema_version":0,"attributes":{"all_tags":[],"allocation_pool":[{"end":"10.10.10.254","start":"10.10.10.2"}],"allocation_pools":[{"end":"10.10.10.254","start":"10.10.10.2"}],"cidr":"10.10.10.0/24","description":"","dns_nameservers":["8.8.8.8","8.8.4.4","1.1.1.1"],"enable_dhcp":true,"gateway_ip":"10.10.10.1","host_routes":[],"id":"e9d3507d-f5b9-4647-959b-760379cd9487","ip_version":4,"ipv6_address_mode":"","ipv6_ra_mode":"","name":"internal-subnet","network_id":"259150e0-e85e-4ddd-81db-97838b394898","no_gateway":false,"prefix_length":null,"region":"RegionOne","service_types":[],"subnetpool_id":"","tags":[],"tenant_id":"4d0317d1662241ff949dde99ac639976","timeouts":null,"value_specs":null},"sensitive_attributes":[],"private":"eyJlMmJmYjczMC1lY2FhLTExZTYtOGY4OC0zNDM2M2JjN2M0YzAiOnsiY3JlYXRlIjo2MDAwMDAwMDAwMDAsImRlbGV0ZSI6NjAwMDAwMDAwMDAwfX0=","dependencies":["openstack_networking_network_v2.networks"]}]}],"check_results":null}
